
Microsoft Visual Studio Solution File, Format Version 12.00
# Visual Studio Version 17
VisualStudioVersion = 17.10.35122.118
MinimumVisualStudioVersion = 10.0.40219.1
Project("{8BC9CEB8-8B4A-11D0-8D11-00A0C91BC942}") = "exo3tp4", "exo3tp4\exo3tp4.vcxproj", "{26F550E2-A7E2-4C65-B95D-BB6E8D8D5313}"
EndProject
Global
	GlobalSection(SolutionConfigurationPlatforms) = preSolution
		Debug|x64 = Debug|x64
		Debug|x86 = Debug|x86
		Release|x64 = Release|x64
		Release|x86 = Release|x86
	EndGlobalSection
	GlobalSection(ProjectConfigurationPlatforms) = postSolution
		{26F550E2-A7E2-4C65-B95D-BB6E8D8D5313}.Debug|x64.ActiveCfg = Debug|x64
		{26F550E2-A7E2-4C65-B95D-BB6E8D8D5313}.Debug|x64.Build.0 = Debug|x64
		{26F550E2-A7E2-4C65-B95D-BB6E8D8D5313}.Debug|x86.ActiveCfg = Debug|Win32
		{26F550E2-A7E2-4C65-B95D-BB6E8D8D5313}.Debug|x86.Build.0 = Debug|Win32
		{26F550E2-A7E2-4C65-B95D-BB6E8D8D5313}.Release|x64.ActiveCfg = Release|x64
		{26F550E2-A7E2-4C65-B95D-BB6E8D8D5313}.Release|x64.Build.0 = Release|x64
		{26F550E2-A7E2-4C65-B95D-BB6E8D8D5313}.Release|x86.ActiveCfg = Release|Win32
		{26F550E2-A7E2-4C65-B95D-BB6E8D8D5313}.Release|x86.Build.0 = Release|Win32
	EndGlobalSection
	GlobalSection(SolutionProperties) = preSolution
		HideSolutionNode = FALSE
	EndGlobalSection
	GlobalSection(ExtensibilityGlobals) = postSolution
		SolutionGuid = {8E8425DE-7059-4C9A-8E73-A852B24C0099}
	EndGlobalSection
EndGlobal
